
Microsoft Visual Studio Solution File, Format Version 12.00
# Visual Studio Version 16
VisualStudioVersion = 16.0.31729.503
MinimumVisualStudioVersion = 10.0.40219.1
Project("{FAE04EC0-301F-11D3-BF4B-00C04F79EFBC}") = "HtmlHelpersDemo1", "HtmlHelpersDemo1\HtmlHelpersDemo1.csproj", "{EF388C40-76C5-4CA3-A501-0149BF4DA5FD}"
EndProject
Global
	GlobalSection(SolutionConfigurationPlatforms) = preSolution
		Debug|Any CPU = Debug|Any CPU
		Release|Any CPU = Release|Any CPU
	EndGlobalSection
	GlobalSection(ProjectConfigurationPlatforms) = postSolution
		{EF388C40-76C5-4CA3-A501-0149BF4DA5FD}.Debug|Any CPU.ActiveCfg = Debug|Any CPU
		{EF388C40-76C5-4CA3-A501-0149BF4DA5FD}.Debug|Any CPU.Build.0 = Debug|Any CPU
		{EF388C40-76C5-4CA3-A501-0149BF4DA5FD}.Release|Any CPU.ActiveCfg = Release|Any CPU
		{EF388C40-76C5-4CA3-A501-0149BF4DA5FD}.Release|Any CPU.Build.0 = Release|Any CPU
	EndGlobalSection
	GlobalSection(SolutionProperties) = preSolution
		HideSolutionNode = FALSE
	EndGlobalSection
	GlobalSection(ExtensibilityGlobals) = postSolution
		SolutionGuid = {93290B71-920C-47A7-9ADF-414C8C9E0C1E}
	EndGlobalSection
EndGlobal
