
Microsoft Visual Studio Solution File, Format Version 12.00
# Visual Studio Version 16
VisualStudioVersion = 16.0.31515.178
MinimumVisualStudioVersion = 10.0.40219.1
Project("{FAE04EC0-301F-11D3-BF4B-00C04F79EFBC}") = "TypesOfActionResultDemo1", "TypesOfActionResultDemo1\TypesOfActionResultDemo1.csproj", "{5F6AB16B-7224-4BAD-882C-2BB4A164A300}"
EndProject
Global
	GlobalSection(SolutionConfigurationPlatforms) = preSolution
		Debug|Any CPU = Debug|Any CPU
		Release|Any CPU = Release|Any CPU
	EndGlobalSection
	GlobalSection(ProjectConfigurationPlatforms) = postSolution
		{5F6AB16B-7224-4BAD-882C-2BB4A164A300}.Debug|Any CPU.ActiveCfg = Debug|Any CPU
		{5F6AB16B-7224-4BAD-882C-2BB4A164A300}.Debug|Any CPU.Build.0 = Debug|Any CPU
		{5F6AB16B-7224-4BAD-882C-2BB4A164A300}.Release|Any CPU.ActiveCfg = Release|Any CPU
		{5F6AB16B-7224-4BAD-882C-2BB4A164A300}.Release|Any CPU.Build.0 = Release|Any CPU
	EndGlobalSection
	GlobalSection(SolutionProperties) = preSolution
		HideSolutionNode = FALSE
	EndGlobalSection
	GlobalSection(ExtensibilityGlobals) = postSolution
		SolutionGuid = {A81E83CF-7E76-404E-B0FF-89870D66C302}
	EndGlobalSection
EndGlobal
