
Microsoft Visual Studio Solution File, Format Version 12.00
# Visual Studio Version 16
VisualStudioVersion = 16.0.31515.178
MinimumVisualStudioVersion = 10.0.40219.1
Project("{FAE04EC0-301F-11D3-BF4B-00C04F79EFBC}") = "ResultypesDemo", "ResultypesDemo\ResultypesDemo.csproj", "{1EFAC792-D7CB-45EA-845C-FCEFFC08A068}"
EndProject
Global
	GlobalSection(SolutionConfigurationPlatforms) = preSolution
		Debug|Any CPU = Debug|Any CPU
		Release|Any CPU = Release|Any CPU
	EndGlobalSection
	GlobalSection(ProjectConfigurationPlatforms) = postSolution
		{1EFAC792-D7CB-45EA-845C-FCEFFC08A068}.Debug|Any CPU.ActiveCfg = Debug|Any CPU
		{1EFAC792-D7CB-45EA-845C-FCEFFC08A068}.Debug|Any CPU.Build.0 = Debug|Any CPU
		{1EFAC792-D7CB-45EA-845C-FCEFFC08A068}.Release|Any CPU.ActiveCfg = Release|Any CPU
		{1EFAC792-D7CB-45EA-845C-FCEFFC08A068}.Release|Any CPU.Build.0 = Release|Any CPU
	EndGlobalSection
	GlobalSection(SolutionProperties) = preSolution
		HideSolutionNode = FALSE
	EndGlobalSection
	GlobalSection(ExtensibilityGlobals) = postSolution
		SolutionGuid = {A55996E6-8D65-4BAD-82A6-0D069428A0B7}
	EndGlobalSection
EndGlobal
