
Microsoft Visual Studio Solution File, Format Version 12.00
# Visual Studio Version 16
VisualStudioVersion = 16.0.31729.503
MinimumVisualStudioVersion = 10.0.40219.1
Project("{FAE04EC0-301F-11D3-BF4B-00C04F79EFBC}") = "Validationdemo2", "Validationdemo2\Validationdemo2.csproj", "{DF152F33-5E09-4170-8AD6-8E8414D23872}"
EndProject
Global
	GlobalSection(SolutionConfigurationPlatforms) = preSolution
		Debug|Any CPU = Debug|Any CPU
		Release|Any CPU = Release|Any CPU
	EndGlobalSection
	GlobalSection(ProjectConfigurationPlatforms) = postSolution
		{DF152F33-5E09-4170-8AD6-8E8414D23872}.Debug|Any CPU.ActiveCfg = Debug|Any CPU
		{DF152F33-5E09-4170-8AD6-8E8414D23872}.Debug|Any CPU.Build.0 = Debug|Any CPU
		{DF152F33-5E09-4170-8AD6-8E8414D23872}.Release|Any CPU.ActiveCfg = Release|Any CPU
		{DF152F33-5E09-4170-8AD6-8E8414D23872}.Release|Any CPU.Build.0 = Release|Any CPU
	EndGlobalSection
	GlobalSection(SolutionProperties) = preSolution
		HideSolutionNode = FALSE
	EndGlobalSection
	GlobalSection(ExtensibilityGlobals) = postSolution
		SolutionGuid = {BD16DA66-5CA3-4B16-9149-B3E3165380FA}
	EndGlobalSection
EndGlobal
